
Microsoft Visual Studio Solution File, Format Version 12.00
# Visual Studio Version 17
VisualStudioVersion = 17.3.32901.215
MinimumVisualStudioVersion = 10.0.40219.1
Project("{FAE04EC0-301F-11D3-BF4B-00C04F79EFBC}") = "WeatherInfoApp", "WeatherInfoApp\WeatherInfoApp.csproj", "{58E4A5C0-7514-4AA8-B64C-2BFAA8054084}"
EndProject
Project("{FAE04EC0-301F-11D3-BF4B-00C04F79EFBC}") = "BLL", "BLL\BLL.csproj", "{DE3D8358-FE91-4BD8-848B-9AFF6E14C0BF}"
EndProject
Project("{FAE04EC0-301F-11D3-BF4B-00C04F79EFBC}") = "DAL", "DAL\DAL.csproj", "{8FEF8A4C-EC58-4CCE-B98E-A60DE2F4C1A7}"
EndProject
Global
	GlobalSection(SolutionConfigurationPlatforms) = preSolution
		Debug|Any CPU = Debug|Any CPU
		Release|Any CPU = Release|Any CPU
	EndGlobalSection
	GlobalSection(ProjectConfigurationPlatforms) = postSolution
		{58E4A5C0-7514-4AA8-B64C-2BFAA8054084}.Debug|Any CPU.ActiveCfg = Debug|Any CPU
		{58E4A5C0-7514-4AA8-B64C-2BFAA8054084}.Debug|Any CPU.Build.0 = Debug|Any CPU
		{58E4A5C0-7514-4AA8-B64C-2BFAA8054084}.Release|Any CPU.ActiveCfg = Release|Any CPU
		{58E4A5C0-7514-4AA8-B64C-2BFAA8054084}.Release|Any CPU.Build.0 = Release|Any CPU
		{DE3D8358-FE91-4BD8-848B-9AFF6E14C0BF}.Debug|Any CPU.ActiveCfg = Debug|Any CPU
		{DE3D8358-FE91-4BD8-848B-9AFF6E14C0BF}.Debug|Any CPU.Build.0 = Debug|Any CPU
		{DE3D8358-FE91-4BD8-848B-9AFF6E14C0BF}.Release|Any CPU.ActiveCfg = Release|Any CPU
		{DE3D8358-FE91-4BD8-848B-9AFF6E14C0BF}.Release|Any CPU.Build.0 = Release|Any CPU
		{8FEF8A4C-EC58-4CCE-B98E-A60DE2F4C1A7}.Debug|Any CPU.ActiveCfg = Debug|Any CPU
		{8FEF8A4C-EC58-4CCE-B98E-A60DE2F4C1A7}.Debug|Any CPU.Build.0 = Debug|Any CPU
		{8FEF8A4C-EC58-4CCE-B98E-A60DE2F4C1A7}.Release|Any CPU.ActiveCfg = Release|Any CPU
		{8FEF8A4C-EC58-4CCE-B98E-A60DE2F4C1A7}.Release|Any CPU.Build.0 = Release|Any CPU
	EndGlobalSection
	GlobalSection(SolutionProperties) = preSolution
		HideSolutionNode = FALSE
	EndGlobalSection
	GlobalSection(ExtensibilityGlobals) = postSolution
		SolutionGuid = {2C6885AF-5637-40CE-811A-7ECD1E725AA1}
	EndGlobalSection
EndGlobal
